// !$*UTF8*$!
{
	archiveVersion = 1;
	classes = {
	};
	objectVersion = 55;
	objects = {

/* Begin PBXBuildFile section */
		FD0E088C285377F000C61C95 /* SignInView.swift in Sources */ = {isa = PBXBuildFile; fileRef = FD0E088B285377F000C61C95 /* SignInView.swift */; };
		FD0E08902853800C00C61C95 /* GoogleSignIn in Frameworks */ = {isa = PBXBuildFile; productRef = FD0E088F2853800C00C61C95 /* GoogleSignIn */; };
		FD6C1C8B275EE2DE000FD5CF /* iOS_ExampleApp.swift in Sources */ = {isa = PBXBuildFile; fileRef = FD6C1C8A275EE2DE000FD5CF /* iOS_ExampleApp.swift */; };
		FD6C1C8F275EE2E1000FD5CF /* Assets.xcassets in Resources */ = {isa = PBXBuildFile; fileRef = FD6C1C8E275EE2E1000FD5CF /* Assets.xcassets */; };
		FD6C1C92275EE2E1000FD5CF /* Preview Assets.xcassets in Resources */ = {isa = PBXBuildFile; fileRef = FD6C1C91275EE2E1000FD5CF /* Preview Assets.xcassets */; };
		FD6C1C9A275EE466000FD5CF /* FirebaseAnalytics in Frameworks */ = {isa = PBXBuildFile; productRef = FD6C1C99275EE466000FD5CF /* FirebaseAnalytics */; };
		FDA7DAA02832D8DE0085D174 /* AppDelegate.swift in Sources */ = {isa = PBXBuildFile; fileRef = FDA7DA9F2832D8DE0085D174 /* AppDelegate.swift */; };
		FDA7DAA22832D9750085D174 /* FirestoreView.swift in Sources */ = {isa = PBXBuildFile; fileRef = FDA7DAA12832D9750085D174 /* FirestoreView.swift */; };
		FDA7DAA42832DD4B0085D174 /* FirebaseFirestore in Frameworks */ = {isa = PBXBuildFile; productRef = FDA7DAA32832DD4B0085D174 /* FirebaseFirestore */; };
		FDA7DAA62832E1470085D174 /* FirebaseAuth in Frameworks */ = {isa = PBXBuildFile; productRef = FDA7DAA52832E1470085D174 /* FirebaseAuth */; };
		FDD120AE2825B98500895F3D /* FirebaseInAppMessaging in Frameworks */ = {isa = PBXBuildFile; productRef = FDD120AD2825B98500895F3D /* FirebaseInAppMessaging */; };
		FDD120B02825B99000895F3D /* FirebaseDynamicLinks in Frameworks */ = {isa = PBXBuildFile; productRef = FDD120AF2825B99000895F3D /* FirebaseDynamicLinks */; };
		FDD120B52825BAC300895F3D /* GoogleService-Info.plist in Resources */ = {isa = PBXBuildFile; fileRef = FDD120B42825BAC300895F3D /* GoogleService-Info.plist */; };
		FDD120B72825BFB600895F3D /* InAppMessageView.swift in Sources */ = {isa = PBXBuildFile; fileRef = FDD120B62825BFB600895F3D /* InAppMessageView.swift */; };
/* End PBXBuildFile section */

/* Begin PBXFileReference section */
		FD0E088B285377F000C61C95 /* SignInView.swift */ = {isa = PBXFileReference; lastKnownFileType = sourcecode.swift; path = SignInView.swift; sourceTree = "<group>"; };
		FD6C1C87275EE2DE000FD5CF /* iOS Example.app */ = {isa = PBXFileReference; explicitFileType = wrapper.application; includeInIndex = 0; path = "iOS Example.app"; sourceTree = BUILT_PRODUCTS_DIR; };
		FD6C1C8A275EE2DE000FD5CF /* iOS_ExampleApp.swift */ = {isa = PBXFileReference; lastKnownFileType = sourcecode.swift; path = iOS_ExampleApp.swift; sourceTree = "<group>"; };
		FD6C1C8E275EE2E1000FD5CF /* Assets.xcassets */ = {isa = PBXFileReference; lastKnownFileType = folder.assetcatalog; path = Assets.xcassets; sourceTree = "<group>"; };
		FD6C1C91275EE2E1000FD5CF /* Preview Assets.xcassets */ = {isa = PBXFileReference; lastKnownFileType = folder.assetcatalog; path = "Preview Assets.xcassets"; sourceTree = "<group>"; };
		FDA7DA9F2832D8DE0085D174 /* AppDelegate.swift */ = {isa = PBXFileReference; lastKnownFileType = sourcecode.swift; path = AppDelegate.swift; sourceTree = "<group>"; };
		FDA7DAA12832D9750085D174 /* FirestoreView.swift */ = {isa = PBXFileReference; lastKnownFileType = sourcecode.swift; path = FirestoreView.swift; sourceTree = "<group>"; };
		FDD120B42825BAC300895F3D /* GoogleService-Info.plist */ = {isa = PBXFileReference; fileEncoding = 4; lastKnownFileType = text.plist.xml; path = "GoogleService-Info.plist"; sourceTree = "<group>"; };
		FDD120B62825BFB600895F3D /* InAppMessageView.swift */ = {isa = PBXFileReference; lastKnownFileType = sourcecode.swift; path = InAppMessageView.swift; sourceTree = "<group>"; };
/* End PBXFileReference section */

/* Begin PBXFrameworksBuildPhase section */
		FD6C1C84275EE2DE000FD5CF /* Frameworks */ = {
			isa = PBXFrameworksBuildPhase;
			buildActionMask = 2147483647;
			files = (
				FD6C1C9A275EE466000FD5CF /* FirebaseAnalytics in Frameworks */,
				FDA7DAA62832E1470085D174 /* FirebaseAuth in Frameworks */,
				FDA7DAA42832DD4B0085D174 /* FirebaseFirestore in Frameworks */,
				FDD120AE2825B98500895F3D /* FirebaseInAppMessaging in Frameworks */,
				FDD120B02825B99000895F3D /* FirebaseDynamicLinks in Frameworks */,
				FD0E08902853800C00C61C95 /* GoogleSignIn in Frameworks */,
			);
			runOnlyForDeploymentPostprocessing = 0;
		};
/* End PBXFrameworksBuildPhase section */

/* Begin PBXGroup section */
		FD6C1C7E275EE2DE000FD5CF = {
			isa = PBXGroup;
			children = (
				FD6C1C89275EE2DE000FD5CF /* iOS Example */,
				FD6C1C88275EE2DE000FD5CF /* Products */,
				FD6C1C98275EE466000FD5CF /* Frameworks */,
			);
			sourceTree = "<group>";
		};
		FD6C1C88275EE2DE000FD5CF /* Products */ = {
			isa = PBXGroup;
			children = (
				FD6C1C87275EE2DE000FD5CF /* iOS Example.app */,
			);
			name = Products;
			sourceTree = "<group>";
		};
		FD6C1C89275EE2DE000FD5CF /* iOS Example */ = {
			isa = PBXGroup;
			children = (
				FD6C1C8A275EE2DE000FD5CF /* iOS_ExampleApp.swift */,
				FDA7DA9F2832D8DE0085D174 /* AppDelegate.swift */,
				FDD120B12825B9FC00895F3D /* Views */,
				FDD120B42825BAC300895F3D /* GoogleService-Info.plist */,
				FD6C1C8E275EE2E1000FD5CF /* Assets.xcassets */,
				FD6C1C90275EE2E1000FD5CF /* Preview Content */,
			);
			path = "iOS Example";
			sourceTree = "<group>";
		};
		FD6C1C90275EE2E1000FD5CF /* Preview Content */ = {
			isa = PBXGroup;
			children = (
				FD6C1C91275EE2E1000FD5CF /* Preview Assets.xcassets */,
			);
			path = "Preview Content";
			sourceTree = "<group>";
		};
		FD6C1C98275EE466000FD5CF /* Frameworks */ = {
			isa = PBXGroup;
			children = (
			);
			name = Frameworks;
			sourceTree = "<group>";
		};
		FDD120B12825B9FC00895F3D /* Views */ = {
			isa = PBXGroup;
			children = (
				FDA7DAA12832D9750085D174 /* FirestoreView.swift */,
				FDD120B62825BFB600895F3D /* InAppMessageView.swift */,
				FD0E088B285377F000C61C95 /* SignInView.swift */,
			);
			path = Views;
			sourceTree = "<group>";
		};
/* End PBXGroup section */

/* Begin PBXNativeTarget section */
		FD6C1C86275EE2DE000FD5CF /* iOS Example */ = {
			isa = PBXNativeTarget;
			buildConfigurationList = FD6C1C95275EE2E1000FD5CF /* Build configuration list for PBXNativeTarget "iOS Example" */;
			buildPhases = (
				FD6C1C83275EE2DE000FD5CF /* Sources */,
				FD6C1C84275EE2DE000FD5CF /* Frameworks */,
				FD6C1C85275EE2DE000FD5CF /* Resources */,
				FDD120AC2825AF6400895F3D /* ShellScript */,
			);
			buildRules = (
			);
			dependencies = (
			);
			name = "iOS Example";
			packageProductDependencies = (
				FD6C1C99275EE466000FD5CF /* FirebaseAnalytics */,
				FDD120AD2825B98500895F3D /* FirebaseInAppMessaging */,
				FDD120AF2825B99000895F3D /* FirebaseDynamicLinks */,
				FDA7DAA32832DD4B0085D174 /* FirebaseFirestore */,
				FDA7DAA52832E1470085D174 /* FirebaseAuth */,
				FD0E088F2853800C00C61C95 /* GoogleSignIn */,
			);
			productName = "iOS Example";
			productReference = FD6C1C87275EE2DE000FD5CF /* iOS Example.app */;
			productType = "com.apple.product-type.application";
		};
/* End PBXNativeTarget section */

/* Begin PBXProject section */
		FD6C1C7F275EE2DE000FD5CF /* Project object */ = {
			isa = PBXProject;
			attributes = {
				BuildIndependentTargetsInParallel = 1;
				LastSwiftUpdateCheck = 1300;
				LastUpgradeCheck = 1300;
				TargetAttributes = {
					FD6C1C86275EE2DE000FD5CF = {
						CreatedOnToolsVersion = 13.0;
					};
				};
			};
			buildConfigurationList = FD6C1C82275EE2DE000FD5CF /* Build configuration list for PBXProject "iOS Example" */;
			compatibilityVersion = "Xcode 13.0";
			developmentRegion = en;
			hasScannedForEncodings = 0;
			knownRegions = (
				en,
				Base,
			);
			mainGroup = FD6C1C7E275EE2DE000FD5CF;
			productRefGroup = FD6C1C88275EE2DE000FD5CF /* Products */;
			projectDirPath = "";
			projectRoot = "";
			targets = (
				FD6C1C86275EE2DE000FD5CF /* iOS Example */,
			);
		};
/* End PBXProject section */

/* Begin PBXResourcesBuildPhase section */
		FD6C1C85275EE2DE000FD5CF /* Resources */ = {
			isa = PBXResourcesBuildPhase;
			buildActionMask = 2147483647;
			files = (
				FD6C1C92275EE2E1000FD5CF /* Preview Assets.xcassets in Resources */,
				FD6C1C8F275EE2E1000FD5CF /* Assets.xcassets in Resources */,
				FDD120B52825BAC300895F3D /* GoogleService-Info.plist in Resources */,
			);
			runOnlyForDeploymentPostprocessing = 0;
		};
/* End PBXResourcesBuildPhase section */

/* Begin PBXShellScriptBuildPhase section */
		FDD120AC2825AF6400895F3D /* ShellScript */ = {
			isa = PBXShellScriptBuildPhase;
			buildActionMask = 2147483647;
			files = (
			);
			inputFileListPaths = (
			);
			inputPaths = (
			);
			outputFileListPaths = (
			);
			outputPaths = (
			);
			runOnlyForDeploymentPostprocessing = 0;
			shellPath = /bin/sh;
			shellScript = "# Type a script or drag a script file from your workspace to insert its path.\nsh \"${PROJECT_DIR}/../.scripts/resources.sh\"\n";
		};
/* End PBXShellScriptBuildPhase section */

/* Begin PBXSourcesBuildPhase section */
		FD6C1C83275EE2DE000FD5CF /* Sources */ = {
			isa = PBXSourcesBuildPhase;
			buildActionMask = 2147483647;
			files = (
				FD0E088C285377F000C61C95 /* SignInView.swift in Sources */,
				FDA7DAA22832D9750085D174 /* FirestoreView.swift in Sources */,
				FDA7DAA02832D8DE0085D174 /* AppDelegate.swift in Sources */,
				FDD120B72825BFB600895F3D /* InAppMessageView.swift in Sources */,
				FD6C1C8B275EE2DE000FD5CF /* iOS_ExampleApp.swift in Sources */,
			);
			runOnlyForDeploymentPostprocessing = 0;
		};
/* End PBXSourcesBuildPhase section */

/* Begin XCBuildConfiguration section */
		FD6C1C93275EE2E1000FD5CF /* Debug */ = {
			isa = XCBuildConfiguration;
			buildSettings = {
				ALWAYS_SEARCH_USER_PATHS = NO;
				CLANG_ANALYZER_NONNULL = YES;
				CLANG_ANALYZER_NUMBER_OBJECT_CONVERSION = YES_AGGRESSIVE;
				CLANG_CXX_LANGUAGE_STANDARD = "gnu++17";
				CLANG_CXX_LIBRARY = "libc++";
				CLANG_ENABLE_MODULES = YES;
				CLANG_ENABLE_OBJC_ARC = YES;
				CLANG_ENABLE_OBJC_WEAK = YES;
				CLANG_WARN_BLOCK_CAPTURE_AUTORELEASING = YES;
				CLANG_WARN_BOOL_CONVERSION = YES;
				CLANG_WARN_COMMA = YES;
				CLANG_WARN_CONSTANT_CONVERSION = YES;
				CLANG_WARN_DEPRECATED_OBJC_IMPLEMENTATIONS = YES;
				CLANG_WARN_DIRECT_OBJC_ISA_USAGE = YES_ERROR;
				CLANG_WARN_DOCUMENTATION_COMMENTS = YES;
				CLANG_WARN_EMPTY_BODY = YES;
				CLANG_WARN_ENUM_CONVERSION = YES;
				CLANG_WARN_INFINITE_RECURSION = YES;
				CLANG_WARN_INT_CONVERSION = YES;
				CLANG_WARN_NON_LITERAL_NULL_CONVERSION = YES;
				CLANG_WARN_OBJC_IMPLICIT_RETAIN_SELF = YES;
				CLANG_WARN_OBJC_LITERAL_CONVERSION = YES;
				CLANG_WARN_OBJC_ROOT_CLASS = YES_ERROR;
				CLANG_WARN_QUOTED_INCLUDE_IN_FRAMEWORK_HEADER = YES;
				CLANG_WARN_RANGE_LOOP_ANALYSIS = YES;
				CLANG_WARN_STRICT_PROTOTYPES = YES;
				CLANG_WARN_SUSPICIOUS_MOVE = YES;
				CLANG_WARN_UNGUARDED_AVAILABILITY = YES_AGGRESSIVE;
				CLANG_WARN_UNREACHABLE_CODE = YES;
				CLANG_WARN__DUPLICATE_METHOD_MATCH = YES;
				COPY_PHASE_STRIP = NO;
				DEBUG_INFORMATION_FORMAT = dwarf;
				ENABLE_STRICT_OBJC_MSGSEND = YES;
				ENABLE_TESTABILITY = YES;
				GCC_C_LANGUAGE_STANDARD = gnu11;
				GCC_DYNAMIC_NO_PIC = NO;
				GCC_NO_COMMON_BLOCKS = YES;
				GCC_OPTIMIZATION_LEVEL = 0;
				GCC_PREPROCESSOR_DEFINITIONS = (
					"DEBUG=1",
					"$(inherited)",
				);
				GCC_WARN_64_TO_32_BIT_CONVERSION = YES;
				GCC_WARN_ABOUT_RETURN_TYPE = YES_ERROR;
				GCC_WARN_UNDECLARED_SELECTOR = YES;
				GCC_WARN_UNINITIALIZED_AUTOS = YES_AGGRESSIVE;
				GCC_WARN_UNUSED_FUNCTION = YES;
				GCC_WARN_UNUSED_VARIABLE = YES;
				IPHONEOS_DEPLOYMENT_TARGET = 15.0;
				MTL_ENABLE_DEBUG_INFO = INCLUDE_SOURCE;
				MTL_FAST_MATH = YES;
				ONLY_ACTIVE_ARCH = YES;
				SDKROOT = iphoneos;
				SWIFT_ACTIVE_COMPILATION_CONDITIONS = DEBUG;
				SWIFT_OPTIMIZATION_LEVEL = "-Onone";
			};
			name = Debug;
		};
		FD6C1C94275EE2E1000FD5CF /* Release */ = {
			isa = XCBuildConfiguration;
			buildSettings = {
				ALWAYS_SEARCH_USER_PATHS = NO;
				CLANG_ANALYZER_NONNULL = YES;
				CLANG_ANALYZER_NUMBER_OBJECT_CONVERSION = YES_AGGRESSIVE;
				CLANG_CXX_LANGUAGE_STANDARD = "gnu++17";
				CLANG_CXX_LIBRARY = "libc++";
				CLANG_ENABLE_MODULES = YES;
				CLANG_ENABLE_OBJC_ARC = YES;
				CLANG_ENABLE_OBJC_WEAK = YES;
				CLANG_WARN_BLOCK_CAPTURE_AUTORELEASING = YES;
				CLANG_WARN_BOOL_CONVERSION = YES;
				CLANG_WARN_COMMA = YES;
				CLANG_WARN_CONSTANT_CONVERSION = YES;
				CLANG_WARN_DEPRECATED_OBJC_IMPLEMENTATIONS = YES;
				CLANG_WARN_DIRECT_OBJC_ISA_USAGE = YES_ERROR;
				CLANG_WARN_DOCUMENTATION_COMMENTS = YES;
				CLANG_WARN_EMPTY_BODY = YES;
				CLANG_WARN_ENUM_CONVERSION = YES;
				CLANG_WARN_INFINITE_RECURSION = YES;
				CLANG_WARN_INT_CONVERSION = YES;
				CLANG_WARN_NON_LITERAL_NULL_CONVERSION = YES;
				CLANG_WARN_OBJC_IMPLICIT_RETAIN_SELF = YES;
				CLANG_WARN_OBJC_LITERAL_CONVERSION = YES;
				CLANG_WARN_OBJC_ROOT_CLASS = YES_ERROR;
				CLANG_WARN_QUOTED_INCLUDE_IN_FRAMEWORK_HEADER = YES;
				CLANG_WARN_RANGE_LOOP_ANALYSIS = YES;
				CLANG_WARN_STRICT_PROTOTYPES = YES;
				CLANG_WARN_SUSPICIOUS_MOVE = YES;
				CLANG_WARN_UNGUARDED_AVAILABILITY = YES_AGGRESSIVE;
				CLANG_WARN_UNREACHABLE_CODE = YES;
				CLANG_WARN__DUPLICATE_METHOD_MATCH = YES;
				COPY_PHASE_STRIP = NO;
				DEBUG_INFORMATION_FORMAT = "dwarf-with-dsym";
				ENABLE_NS_ASSERTIONS = NO;
				ENABLE_STRICT_OBJC_MSGSEND = YES;
				GCC_C_LANGUAGE_STANDARD = gnu11;
				GCC_NO_COMMON_BLOCKS = YES;
				GCC_WARN_64_TO_32_BIT_CONVERSION = YES;
				GCC_WARN_ABOUT_RETURN_TYPE = YES_ERROR;
				GCC_WARN_UNDECLARED_SELECTOR = YES;
				GCC_WARN_UNINITIALIZED_AUTOS = YES_AGGRESSIVE;
				GCC_WARN_UNUSED_FUNCTION = YES;
				GCC_WARN_UNUSED_VARIABLE = YES;
				IPHONEOS_DEPLOYMENT_TARGET = 15.0;
				MTL_ENABLE_DEBUG_INFO = NO;
				MTL_FAST_MATH = YES;
				SDKROOT = iphoneos;
				SWIFT_COMPILATION_MODE = wholemodule;
				SWIFT_OPTIMIZATION_LEVEL = "-O";
				VALIDATE_PRODUCT = YES;
			};
			name = Release;
		};
		FD6C1C96275EE2E1000FD5CF /* Debug */ = {
			isa = XCBuildConfiguration;
			buildSettings = {
				ASSETCATALOG_COMPILER_APPICON_NAME = AppIcon;
				ASSETCATALOG_COMPILER_GLOBAL_ACCENT_COLOR_NAME = AccentColor;
				CODE_SIGN_STYLE = Automatic;
				CURRENT_PROJECT_VERSION = 1;
				DEVELOPMENT_ASSET_PATHS = "\"iOS Example/Preview Content\"";
				DEVELOPMENT_TEAM = 6QDGMPVP6Q;
				ENABLE_PREVIEWS = YES;
				GENERATE_INFOPLIST_FILE = YES;
				INFOPLIST_KEY_UIApplicationSceneManifest_Generation = YES;
				INFOPLIST_KEY_UIApplicationSupportsIndirectInputEvents = YES;
				INFOPLIST_KEY_UILaunchScreen_Generation = YES;
				INFOPLIST_KEY_UISupportedInterfaceOrientations_iPad = "UIInterfaceOrientationPortrait UIInterfaceOrientationPortraitUpsideDown UIInterfaceOrientationLandscapeLeft UIInterfaceOrientationLandscapeRight";
				INFOPLIST_KEY_UISupportedInterfaceOrientations_iPhone = "UIInterfaceOrientationPortrait UIInterfaceOrientationLandscapeLeft UIInterfaceOrientationLandscapeRight";
				IPHONEOS_DEPLOYMENT_TARGET = 14.0;
				LD_RUNPATH_SEARCH_PATHS = (
					"$(inherited)",
					"@executable_path/Frameworks",
				);
				MARKETING_VERSION = 1.0;
				OTHER_LDFLAGS = "-ObjC";
				PRODUCT_BUNDLE_IDENTIFIER = "com.firebase-ios-sdk-xcframeworks.iOS-Example";
				PRODUCT_NAME = "$(TARGET_NAME)";
				SWIFT_EMIT_LOC_STRINGS = YES;
				SWIFT_VERSION = 5.0;
				TARGETED_DEVICE_FAMILY = "1,2";
			};
			name = Debug;
		};
		FD6C1C97275EE2E1000FD5CF /* Release */ = {
			isa = XCBuildConfiguration;
			buildSettings = {
				ASSETCATALOG_COMPILER_APPICON_NAME = AppIcon;
				ASSETCATALOG_COMPILER_GLOBAL_ACCENT_COLOR_NAME = AccentColor;
				CODE_SIGN_STYLE = Automatic;
				CURRENT_PROJECT_VERSION = 1;
				DEVELOPMENT_ASSET_PATHS = "\"iOS Example/Preview Content\"";
				DEVELOPMENT_TEAM = 6QDGMPVP6Q;
				ENABLE_PREVIEWS = YES;
				GENERATE_INFOPLIST_FILE = YES;
				INFOPLIST_KEY_UIApplicationSceneManifest_Generation = YES;
				INFOPLIST_KEY_UIApplicationSupportsIndirectInputEvents = YES;
				INFOPLIST_KEY_UILaunchScreen_Generation = YES;
				INFOPLIST_KEY_UISupportedInterfaceOrientations_iPad = "UIInterfaceOrientationPortrait UIInterfaceOrientationPortraitUpsideDown UIInterfaceOrientationLandscapeLeft UIInterfaceOrientationLandscapeRight";
				INFOPLIST_KEY_UISupportedInterfaceOrientations_iPhone = "UIInterfaceOrientationPortrait UIInterfaceOrientationLandscapeLeft UIInterfaceOrientationLandscapeRight";
				IPHONEOS_DEPLOYMENT_TARGET = 14.0;
				LD_RUNPATH_SEARCH_PATHS = (
					"$(inherited)",
					"@executable_path/Frameworks",
				);
				MARKETING_VERSION = 1.0;
				OTHER_LDFLAGS = "-ObjC";
				PRODUCT_BUNDLE_IDENTIFIER = "com.firebase-ios-sdk-xcframeworks.iOS-Example";
				PRODUCT_NAME = "$(TARGET_NAME)";
				SWIFT_EMIT_LOC_STRINGS = YES;
				SWIFT_VERSION = 5.0;
				TARGETED_DEVICE_FAMILY = "1,2";
			};
			name = Release;
		};
/* End XCBuildConfiguration section */

/* Begin XCConfigurationList section */
		FD6C1C82275EE2DE000FD5CF /* Build configuration list for PBXProject "iOS Example" */ = {
			isa = XCConfigurationList;
			buildConfigurations = (
				FD6C1C93275EE2E1000FD5CF /* Debug */,
				FD6C1C94275EE2E1000FD5CF /* Release */,
			);
			defaultConfigurationIsVisible = 0;
			defaultConfigurationName = Release;
		};
		FD6C1C95275EE2E1000FD5CF /* Build configuration list for PBXNativeTarget "iOS Example" */ = {
			isa = XCConfigurationList;
			buildConfigurations = (
				FD6C1C96275EE2E1000FD5CF /* Debug */,
				FD6C1C97275EE2E1000FD5CF /* Release */,
			);
			defaultConfigurationIsVisible = 0;
			defaultConfigurationName = Release;
		};
/* End XCConfigurationList section */

/* Begin XCSwiftPackageProductDependency section */
		FD0E088F2853800C00C61C95 /* GoogleSignIn */ = {
			isa = XCSwiftPackageProductDependency;
			productName = GoogleSignIn;
		};
		FD6C1C99275EE466000FD5CF /* FirebaseAnalytics */ = {
			isa = XCSwiftPackageProductDependency;
			productName = FirebaseAnalytics;
		};
		FDA7DAA32832DD4B0085D174 /* FirebaseFirestore */ = {
			isa = XCSwiftPackageProductDependency;
			productName = FirebaseFirestore;
		};
		FDA7DAA52832E1470085D174 /* FirebaseAuth */ = {
			isa = XCSwiftPackageProductDependency;
			productName = FirebaseAuth;
		};
		FDD120AD2825B98500895F3D /* FirebaseInAppMessaging */ = {
			isa = XCSwiftPackageProductDependency;
			productName = FirebaseInAppMessaging;
		};
		FDD120AF2825B99000895F3D /* FirebaseDynamicLinks */ = {
			isa = XCSwiftPackageProductDependency;
			productName = FirebaseDynamicLinks;
		};
/* End XCSwiftPackageProductDependency section */
	};
	rootObject = FD6C1C7F275EE2DE000FD5CF /* Project object */;
}
